{
    "_readme": [
        "This file locks the dependencies of your project to a known state",
        "Read more about it at http://getcomposer.org/doc/01-basic-usage.md#composer-lock-the-lock-file",
        "This file is @generated automatically"
    ],
    "hash": "ce8fa334e6efaf6700ebb454bcb0d220",
    "packages": [
        {
            "name": "aura/sqlschema",
            "version": "dev-develop-2",
            "source": {
                "type": "git",
                "url": "https://github.com/auraphp/Aura.SqlSchema.git",
                "reference": "1b7a821cf6a2cbf12578931d2e362bc491d8d52b"
            },
            "dist": {
                "type": "zip",
                "url": "https://api.github.com/repos/auraphp/Aura.SqlSchema/zipball/1b7a821cf6a2cbf12578931d2e362bc491d8d52b",
                "reference": "1b7a821cf6a2cbf12578931d2e362bc491d8d52b",
                "shasum": ""
            },
            "require": {
                "php": ">=5.3.0"
            },
            "type": "library",
            "extra": {
                "aura": {
                    "type": "library"
                },
                "branch-alias": {
                    "dev-develop-2": "2.0.x-dev"
                }
            },
            "autoload": {
                "psr-4": {
                    "Aura\\SqlSchema\\": "src/"
                }
            },
            "notification-url": "https://packagist.org/downloads/",
            "license": [
                "BSD-2-Clause"
            ],
            "authors": [
                {
                    "name": "Aura.SqlSchema Contributors",
                    "homepage": "https://github.com/auraphp/Aura.SqlSchema/contributors"
                }
            ],
            "description": "Provides facilities to read table names and table columns from a database using PDO.",
            "homepage": "https://github.com/auraphp/Aura.SqlSchema/releases",
            "keywords": [
                "database",
                "db",
                "ddl",
                "mysql",
                "pdo",
                "pgsql",
                "postgres",
                "postgresql",
                "schema",
                "sql",
                "sql server",
                "sqlite",
                "sqlserver",
                "sqlsrv"
            ],
            "time": "2014-08-02 21:26:33"
        }
    ],
    "packages-dev": [

    ],
    "aliases": [

    ],
    "minimum-stability": "stable",
    "stability-flags": {
        "aura/sqlschema": 20
    },
    "prefer-stable": false,
    "platform": {
        "php": ">= 5.4.0"
    },
    "platform-dev": [

    ]
}
